# This file is automatically @generated by Poetry and should not be changed by hand.

[[package]]
name = "pyaudio"
version = "0.2.13"
description = "Cross-platform audio I/O with PortAudio"
category = "main"
optional = false
python-versions = "*"
files = [
    {file = "PyAudio-0.2.13-cp310-cp310-win32.whl", hash = "sha256:48e29537ea22ae2ae323eebe297bfb2683831cee4f20d96964e131f65ab2161d"},
    {file = "PyAudio-0.2.13-cp310-cp310-win_amd64.whl", hash = "sha256:87137cfd0ef8608a2a383be3f6996f59505e322dab9d16531f14cf542fa294f1"},
    {file = "PyAudio-0.2.13-cp311-cp311-win32.whl", hash = "sha256:13915faaa780e6bbbb6d745ef0e761674fd461b1b1b3f9c1f57042a534bfc0c3"},
    {file = "PyAudio-0.2.13-cp311-cp311-win_amd64.whl", hash = "sha256:59cc3cc5211b729c7854e3989058a145872cc58b1a7b46c6d4d88448a343d890"},
    {file = "PyAudio-0.2.13-cp37-cp37m-win32.whl", hash = "sha256:d294e3f85b2238649b1ff49ce3412459a8a312569975a89d14646536362d7576"},
    {file = "PyAudio-0.2.13-cp37-cp37m-win_amd64.whl", hash = "sha256:ff7f5e44ef51fe61da1e09c6f632f0b5808198edd61b363855cc7dd03bf4a8ac"},
    {file = "PyAudio-0.2.13-cp38-cp38-win32.whl", hash = "sha256:c6b302b048c054b7463936d8ba884b73877dc47012f3c94665dba92dd658ae04"},
    {file = "PyAudio-0.2.13-cp38-cp38-win_amd64.whl", hash = "sha256:1505d766ee718df6f5a18b73ac42307ba1cb4d2c0397873159254a34f67515d6"},
    {file = "PyAudio-0.2.13-cp39-cp39-win32.whl", hash = "sha256:eb128e4a6ea9b98d9a31f33c44978885af27dbe8ae53d665f8790cbfe045517e"},
    {file = "PyAudio-0.2.13-cp39-cp39-win_amd64.whl", hash = "sha256:910ef09225cce227adbba92622d4a3e3c8375117f7dd64039f287d9ffc0e02a1"},
    {file = "PyAudio-0.2.13.tar.gz", hash = "sha256:26bccc81e4243d1c0ff5487e6b481de6329fcd65c79365c267cef38f363a2b56"},
]

[package.extras]
test = ["numpy"]

[[package]]
name = "pydantic"
version = "1.10.5"
description = "Data validation and settings management using python type hints"
category = "main"
optional = false
python-versions = ">=3.7"
files = [
    {file = "pydantic-1.10.5-cp310-cp310-macosx_10_9_x86_64.whl", hash = "sha256:5920824fe1e21cbb3e38cf0f3dd24857c8959801d1031ce1fac1d50857a03bfb"},
    {file = "pydantic-1.10.5-cp310-cp310-macosx_11_0_arm64.whl", hash = "sha256:3bb99cf9655b377db1a9e47fa4479e3330ea96f4123c6c8200e482704bf1eda2"},
    {file = "pydantic-1.10.5-cp310-cp310-manylinux_2_17_x86_64.manylinux2014_x86_64.whl", hash = "sha256:2185a3b3d98ab4506a3f6707569802d2d92c3a7ba3a9a35683a7709ea6c2aaa2"},
    {file = "pydantic-1.10.5-cp310-cp310-manylinux_2_5_i686.manylinux1_i686.manylinux_2_17_i686.manylinux2014_i686.whl", hash = "sha256:f582cac9d11c227c652d3ce8ee223d94eb06f4228b52a8adaafa9fa62e73d5c9"},
    {file = "pydantic-1.10.5-cp310-cp310-musllinux_1_1_i686.whl", hash = "sha256:c9e5b778b6842f135902e2d82624008c6a79710207e28e86966cd136c621bfee"},
    {file = "pydantic-1.10.5-cp310-cp310-musllinux_1_1_x86_64.whl", hash = "sha256:72ef3783be8cbdef6bca034606a5de3862be6b72415dc5cb1fb8ddbac110049a"},
    {file = "pydantic-1.10.5-cp310-cp310-win_amd64.whl", hash = "sha256:45edea10b75d3da43cfda12f3792833a3fa70b6eee4db1ed6aed528cef17c74e"},
    {file = "pydantic-1.10.5-cp311-cp311-macosx_10_9_x86_64.whl", hash = "sha256:63200cd8af1af2c07964546b7bc8f217e8bda9d0a2ef0ee0c797b36353914984"},
    {file = "pydantic-1.10.5-cp311-cp311-macosx_11_0_arm64.whl", hash = "sha256:305d0376c516b0dfa1dbefeae8c21042b57b496892d721905a6ec6b79494a66d"},
    {file = "pydantic-1.10.5-cp311-cp311-manylinux_2_17_x86_64.manylinux2014_x86_64.whl", hash = "sha256:1fd326aff5d6c36f05735c7c9b3d5b0e933b4ca52ad0b6e4b38038d82703d35b"},
    {file = "pydantic-1.10.5-cp311-cp311-manylinux_2_5_i686.manylinux1_i686.manylinux_2_17_i686.manylinux2014_i686.whl", hash = "sha256:6bb0452d7b8516178c969d305d9630a3c9b8cf16fcf4713261c9ebd465af0d73"},
    {file = "pydantic-1.10.5-cp311-cp311-musllinux_1_1_i686.whl", hash = "sha256:9a9d9155e2a9f38b2eb9374c88f02fd4d6851ae17b65ee786a87d032f87008f8"},
    {file = "pydantic-1.10.5-cp311-cp311-musllinux_1_1_x86_64.whl", hash = "sha256:f836444b4c5ece128b23ec36a446c9ab7f9b0f7981d0d27e13a7c366ee163f8a"},
    {file = "pydantic-1.10.5-cp311-cp311-win_amd64.whl", hash = "sha256:8481dca324e1c7b715ce091a698b181054d22072e848b6fc7895cd86f79b4449"},
    {file = "pydantic-1.10.5-cp37-cp37m-macosx_10_9_x86_64.whl", hash = "sha256:87f831e81ea0589cd18257f84386bf30154c5f4bed373b7b75e5cb0b5d53ea87"},
    {file = "pydantic-1.10.5-cp37-cp37m-manylinux_2_17_x86_64.manylinux2014_x86_64.whl", hash = "sha256:7ce1612e98c6326f10888df951a26ec1a577d8df49ddcaea87773bfbe23ba5cc"},
    {file = "pydantic-1.10.5-cp37-cp37m-manylinux_2_5_i686.manylinux1_i686.manylinux_2_17_i686.manylinux2014_i686.whl", hash = "sha256:58e41dd1e977531ac6073b11baac8c013f3cd8706a01d3dc74e86955be8b2c0c"},
    {file = "pydantic-1.10.5-cp37-cp37m-musllinux_1_1_i686.whl", hash = "sha256:6a4b0aab29061262065bbdede617ef99cc5914d1bf0ddc8bcd8e3d7928d85bd6"},
    {file = "pydantic-1.10.5-cp37-cp37m-musllinux_1_1_x86_64.whl", hash = "sha256:36e44a4de37b8aecffa81c081dbfe42c4d2bf9f6dff34d03dce157ec65eb0f15"},
    {file = "pydantic-1.10.5-cp37-cp37m-win_amd64.whl", hash = "sha256:261f357f0aecda005934e413dfd7aa4077004a174dafe414a8325e6098a8e419"},
    {file = "pydantic-1.10.5-cp38-cp38-macosx_10_9_x86_64.whl", hash = "sha256:b429f7c457aebb7fbe7cd69c418d1cd7c6fdc4d3c8697f45af78b8d5a7955760"},
    {file = "pydantic-1.10.5-cp38-cp38-macosx_11_0_arm64.whl", hash = "sha256:663d2dd78596c5fa3eb996bc3f34b8c2a592648ad10008f98d1348be7ae212fb"},
    {file = "pydantic-1.10.5-cp38-cp38-manylinux_2_17_x86_64.manylinux2014_x86_64.whl", hash = "sha256:51782fd81f09edcf265823c3bf43ff36d00db246eca39ee765ef58dc8421a642"},
    {file = "pydantic-1.10.5-cp38-cp38-manylinux_2_5_i686.manylinux1_i686.manylinux_2_17_i686.manylinux2014_i686.whl", hash = "sha256:c428c0f64a86661fb4873495c4fac430ec7a7cef2b8c1c28f3d1a7277f9ea5ab"},
    {file = "pydantic-1.10.5-cp38-cp38-musllinux_1_1_i686.whl", hash = "sha256:76c930ad0746c70f0368c4596020b736ab65b473c1f9b3872310a835d852eb19"},
    {file = "pydantic-1.10.5-cp38-cp38-musllinux_1_1_x86_64.whl", hash = "sha256:3257bd714de9db2102b742570a56bf7978e90441193acac109b1f500290f5718"},
    {file = "pydantic-1.10.5-cp38-cp38-win_amd64.whl", hash = "sha256:f5bee6c523d13944a1fdc6f0525bc86dbbd94372f17b83fa6331aabacc8fd08e"},
    {file = "pydantic-1.10.5-cp39-cp39-macosx_10_9_x86_64.whl", hash = "sha256:532e97c35719f137ee5405bd3eeddc5c06eb91a032bc755a44e34a712420daf3"},
    {file = "pydantic-1.10.5-cp39-cp39-macosx_11_0_arm64.whl", hash = "sha256:ca9075ab3de9e48b75fa8ccb897c34ccc1519177ad8841d99f7fd74cf43be5bf"},
    {file = "pydantic-1.10.5-cp39-cp39-manylinux_2_17_x86_64.manylinux2014_x86_64.whl", hash = "sha256:bd46a0e6296346c477e59a954da57beaf9c538da37b9df482e50f836e4a7d4bb"},
    {file = "pydantic-1.10.5-cp39-cp39-manylinux_2_5_i686.manylinux1_i686.manylinux_2_17_i686.manylinux2014_i686.whl", hash = "sha256:3353072625ea2a9a6c81ad01b91e5c07fa70deb06368c71307529abf70d23325"},
    {file = "pydantic-1.10.5-cp39-cp39-musllinux_1_1_i686.whl", hash = "sha256:3f9d9b2be177c3cb6027cd67fbf323586417868c06c3c85d0d101703136e6b31"},
    {file = "pydantic-1.10.5-cp39-cp39-musllinux_1_1_x86_64.whl", hash = "sha256:b473d00ccd5c2061fd896ac127b7755baad233f8d996ea288af14ae09f8e0d1e"},
    {file = "pydantic-1.10.5-cp39-cp39-win_amd64.whl", hash = "sha256:5f3bc8f103b56a8c88021d481410874b1f13edf6e838da607dcb57ecff9b4594"},
    {file = "pydantic-1.10.5-py3-none-any.whl", hash = "sha256:7c5b94d598c90f2f46b3a983ffb46ab806a67099d118ae0da7ef21a2a4033b28"},
    {file = "pydantic-1.10.5.tar.gz", hash = "sha256:9e337ac83686645a46db0e825acceea8e02fca4062483f40e9ae178e8bd1103a"},
]

[package.dependencies]
typing-extensions = ">=4.2.0"

[package.extras]
dotenv = ["python-dotenv (>=0.10.4)"]
email = ["email-validator (>=1.0.3)"]

[[package]]
name = "python-dotenv"
version = "0.21.1"
description = "Read key-value pairs from a .env file and set them as environment variables"
category = "main"
optional = false
python-versions = ">=3.7"
files = [
    {file = "python-dotenv-0.21.1.tar.gz", hash = "sha256:1c93de8f636cde3ce377292818d0e440b6e45a82f215c3744979151fa8151c49"},
    {file = "python_dotenv-0.21.1-py3-none-any.whl", hash = "sha256:41e12e0318bebc859fcc4d97d4db8d20ad21721a6aa5047dd59f090391cb549a"},
]

[package.extras]
cli = ["click (>=5.0)"]

[[package]]
name = "typing-extensions"
version = "4.5.0"
description = "Backported and Experimental Type Hints for Python 3.7+"
category = "main"
optional = false
python-versions = ">=3.7"
files = [
    {file = "typing_extensions-4.5.0-py3-none-any.whl", hash = "sha256:fb33085c39dd998ac16d1431ebc293a8b3eedd00fd4a32de0ff79002c19511b4"},
    {file = "typing_extensions-4.5.0.tar.gz", hash = "sha256:5cb5f4a79139d699607b3ef622a1dedafa84e115ab0024e0d9c044a9479ca7cb"},
]

[[package]]
name = "websockets"
version = "10.4"
description = "An implementation of the WebSocket Protocol (RFC 6455 & 7692)"
category = "main"
optional = false
python-versions = ">=3.7"
files = [
    {file = "websockets-10.4-cp310-cp310-macosx_10_9_universal2.whl", hash = "sha256:d58804e996d7d2307173d56c297cf7bc132c52df27a3efaac5e8d43e36c21c48"},
    {file = "websockets-10.4-cp310-cp310-macosx_10_9_x86_64.whl", hash = "sha256:bc0b82d728fe21a0d03e65f81980abbbcb13b5387f733a1a870672c5be26edab"},
    {file = "websockets-10.4-cp310-cp310-macosx_11_0_arm64.whl", hash = "sha256:ba089c499e1f4155d2a3c2a05d2878a3428cf321c848f2b5a45ce55f0d7d310c"},
    {file = "websockets-10.4-cp310-cp310-manylinux_2_17_aarch64.manylinux2014_aarch64.whl", hash = "sha256:33d69ca7612f0ddff3316b0c7b33ca180d464ecac2d115805c044bf0a3b0d032"},
    {file = "websockets-10.4-cp310-cp310-manylinux_2_5_i686.manylinux1_i686.manylinux_2_17_i686.manylinux2014_i686.whl", hash = "sha256:62e627f6b6d4aed919a2052efc408da7a545c606268d5ab5bfab4432734b82b4"},
    {file = "websockets-10.4-cp310-cp310-manylinux_2_5_x86_64.manylinux1_x86_64.manylinux_2_17_x86_64.manylinux2014_x86_64.whl", hash = "sha256:38ea7b82bfcae927eeffc55d2ffa31665dc7fec7b8dc654506b8e5a518eb4d50"},
    {file = "websockets-10.4-cp310-cp310-musllinux_1_1_aarch64.whl", hash = "sha256:e0cb5cc6ece6ffa75baccfd5c02cffe776f3f5c8bf486811f9d3ea3453676ce8"},
    {file = "websockets-10.4-cp310-cp310-musllinux_1_1_i686.whl", hash = "sha256:ae5e95cfb53ab1da62185e23b3130e11d64431179debac6dc3c6acf08760e9b1"},
    {file = "websockets-10.4-cp310-cp310-musllinux_1_1_x86_64.whl", hash = "sha256:7c584f366f46ba667cfa66020344886cf47088e79c9b9d39c84ce9ea98aaa331"},
    {file = "websockets-10.4-cp310-cp310-win32.whl", hash = "sha256:b029fb2032ae4724d8ae8d4f6b363f2cc39e4c7b12454df8df7f0f563ed3e61a"},
    {file = "websockets-10.4-cp310-cp310-win_amd64.whl", hash = "sha256:8dc96f64ae43dde92530775e9cb169979f414dcf5cff670455d81a6823b42089"},
    {file = "websockets-10.4-cp311-cp311-macosx_10_9_universal2.whl", hash = "sha256:47a2964021f2110116cc1125b3e6d87ab5ad16dea161949e7244ec583b905bb4"},
    {file = "websockets-10.4-cp311-cp311-macosx_10_9_x86_64.whl", hash = "sha256:e789376b52c295c4946403bd0efecf27ab98f05319df4583d3c48e43c7342c2f"},
    {file = "websockets-10.4-cp311-cp311-macosx_11_0_arm64.whl", hash = "sha256:7d3f0b61c45c3fa9a349cf484962c559a8a1d80dae6977276df8fd1fa5e3cb8c"},
    {file = "websockets-10.4-cp311-cp311-manylinux_2_17_aarch64.manylinux2014_aarch64.whl", hash = "sha256:f55b5905705725af31ccef50e55391621532cd64fbf0bc6f4bac935f0fccec46"},
    {file = "websockets-10.4-cp311-cp311-manylinux_2_5_i686.manylinux1_i686.manylinux_2_17_i686.manylinux2014_i686.whl", hash = "sha256:00c870522cdb69cd625b93f002961ffb0c095394f06ba8c48f17eef7c1541f96"},
    {file = "websockets-10.4-cp311-cp311-manylinux_2_5_x86_64.manylinux1_x86_64.manylinux_2_17_x86_64.manylinux2014_x86_64.whl", hash = "sha256:8f38706e0b15d3c20ef6259fd4bc1700cd133b06c3c1bb108ffe3f8947be15fa"},
    {file = "websockets-10.4-cp311-cp311-musllinux_1_1_aarch64.whl", hash = "sha256:f2c38d588887a609191d30e902df2a32711f708abfd85d318ca9b367258cfd0c"},
    {file = "websockets-10.4-cp311-cp311-musllinux_1_1_i686.whl", hash = "sha256:fe10ddc59b304cb19a1bdf5bd0a7719cbbc9fbdd57ac80ed436b709fcf889106"},
    {file = "websockets-10.4-cp311-cp311-musllinux_1_1_x86_64.whl", hash = "sha256:90fcf8929836d4a0e964d799a58823547df5a5e9afa83081761630553be731f9"},
    {file = "websockets-10.4-cp311-cp311-win32.whl", hash = "sha256:b9968694c5f467bf67ef97ae7ad4d56d14be2751000c1207d31bf3bb8860bae8"},
    {file = "websockets-10.4-cp311-cp311-win_amd64.whl", hash = "sha256:a7a240d7a74bf8d5cb3bfe6be7f21697a28ec4b1a437607bae08ac7acf5b4882"},
    {file = "websockets-10.4-cp37-cp37m-macosx_10_9_x86_64.whl", hash = "sha256:74de2b894b47f1d21cbd0b37a5e2b2392ad95d17ae983e64727e18eb281fe7cb"},
    {file = "websockets-10.4-cp37-cp37m-manylinux_2_17_aarch64.manylinux2014_aarch64.whl", hash = "sha256:e3a686ecb4aa0d64ae60c9c9f1a7d5d46cab9bfb5d91a2d303d00e2cd4c4c5cc"},
    {file = "websockets-10.4-cp37-cp37m-manylinux_2_5_i686.manylinux1_i686.manylinux_2_17_i686.manylinux2014_i686.whl", hash = "sha256:b0d15c968ea7a65211e084f523151dbf8ae44634de03c801b8bd070b74e85033"},
    {file = "websockets-10.4-cp37-cp37m-manylinux_2_5_x86_64.manylinux1_x86_64.manylinux_2_17_x86_64.manylinux2014_x86_64.whl", hash = "sha256:00213676a2e46b6ebf6045bc11d0f529d9120baa6f58d122b4021ad92adabd41"},
    {file = "websockets-10.4-cp37-cp37m-musllinux_1_1_aarch64.whl", hash = "sha256:e23173580d740bf8822fd0379e4bf30aa1d5a92a4f252d34e893070c081050df"},
    {file = "websockets-10.4-cp37-cp37m-musllinux_1_1_i686.whl", hash = "sha256:dd500e0a5e11969cdd3320935ca2ff1e936f2358f9c2e61f100a1660933320ea"},
    {file = "websockets-10.4-cp37-cp37m-musllinux_1_1_x86_64.whl", hash = "sha256:4239b6027e3d66a89446908ff3027d2737afc1a375f8fd3eea630a4842ec9a0c"},
    {file = "websockets-10.4-cp37-cp37m-win32.whl", hash = "sha256:8a5cc00546e0a701da4639aa0bbcb0ae2bb678c87f46da01ac2d789e1f2d2038"},
    {file = "websockets-10.4-cp37-cp37m-win_amd64.whl", hash = "sha256:a9f9a735deaf9a0cadc2d8c50d1a5bcdbae8b6e539c6e08237bc4082d7c13f28"},
    {file = "websockets-10.4-cp38-cp38-macosx_10_9_universal2.whl", hash = "sha256:5c1289596042fad2cdceb05e1ebf7aadf9995c928e0da2b7a4e99494953b1b94"},
    {file = "websockets-10.4-cp38-cp38-macosx_10_9_x86_64.whl", hash = "sha256:0cff816f51fb33c26d6e2b16b5c7d48eaa31dae5488ace6aae468b361f422b63"},
    {file = "websockets-10.4-cp38-cp38-macosx_11_0_arm64.whl", hash = "sha256:dd9becd5fe29773d140d68d607d66a38f60e31b86df75332703757ee645b6faf"},
    {file = "websockets-10.4-cp38-cp38-manylinux_2_17_aarch64.manylinux2014_aarch64.whl", hash = "sha256:45ec8e75b7dbc9539cbfafa570742fe4f676eb8b0d3694b67dabe2f2ceed8aa6"},
    {file = "websockets-10.4-cp38-cp38-manylinux_2_5_i686.manylinux1_i686.manylinux_2_17_i686.manylinux2014_i686.whl", hash = "sha256:4f72e5cd0f18f262f5da20efa9e241699e0cf3a766317a17392550c9ad7b37d8"},
    {file = "websockets-10.4-cp38-cp38-manylinux_2_5_x86_64.manylinux1_x86_64.manylinux_2_17_x86_64.manylinux2014_x86_64.whl", hash = "sha256:185929b4808b36a79c65b7865783b87b6841e852ef5407a2fb0c03381092fa3b"},
    {file = "websockets-10.4-cp38-cp38-musllinux_1_1_aarch64.whl", hash = "sha256:7d27a7e34c313b3a7f91adcd05134315002aaf8540d7b4f90336beafaea6217c"},
    {file = "websockets-10.4-cp38-cp38-musllinux_1_1_i686.whl", hash = "sha256:884be66c76a444c59f801ac13f40c76f176f1bfa815ef5b8ed44321e74f1600b"},
    {file = "websockets-10.4-cp38-cp38-musllinux_1_1_x86_64.whl", hash = "sha256:931c039af54fc195fe6ad536fde4b0de04da9d5916e78e55405436348cfb0e56"},
    {file = "websockets-10.4-cp38-cp38-win32.whl", hash = "sha256:db3c336f9eda2532ec0fd8ea49fef7a8df8f6c804cdf4f39e5c5c0d4a4ad9a7a"},
    {file = "websockets-10.4-cp38-cp38-win_amd64.whl", hash = "sha256:48c08473563323f9c9debac781ecf66f94ad5a3680a38fe84dee5388cf5acaf6"},
    {file = "websockets-10.4-cp39-cp39-macosx_10_9_universal2.whl", hash = "sha256:40e826de3085721dabc7cf9bfd41682dadc02286d8cf149b3ad05bff89311e4f"},
    {file = "websockets-10.4-cp39-cp39-macosx_10_9_x86_64.whl", hash = "sha256:56029457f219ade1f2fc12a6504ea61e14ee227a815531f9738e41203a429112"},
    {file = "websockets-10.4-cp39-cp39-macosx_11_0_arm64.whl", hash = "sha256:f5fc088b7a32f244c519a048c170f14cf2251b849ef0e20cbbb0fdf0fdaf556f"},
    {file = "websockets-10.4-cp39-cp39-manylinux_2_17_aarch64.manylinux2014_aarch64.whl", hash = "sha256:2fc8709c00704194213d45e455adc106ff9e87658297f72d544220e32029cd3d"},
    {file = "websockets-10.4-cp39-cp39-manylinux_2_5_i686.manylinux1_i686.manylinux_2_17_i686.manylinux2014_i686.whl", hash = "sha256:0154f7691e4fe6c2b2bc275b5701e8b158dae92a1ab229e2b940efe11905dff4"},
    {file = "websockets-10.4-cp39-cp39-manylinux_2_5_x86_64.manylinux1_x86_64.manylinux_2_17_x86_64.manylinux2014_x86_64.whl", hash = "sha256:4c6d2264f485f0b53adf22697ac11e261ce84805c232ed5dbe6b1bcb84b00ff0"},
    {file = "websockets-10.4-cp39-cp39-musllinux_1_1_aarch64.whl", hash = "sha256:9bc42e8402dc5e9905fb8b9649f57efcb2056693b7e88faa8fb029256ba9c68c"},
    {file = "websockets-10.4-cp39-cp39-musllinux_1_1_i686.whl", hash = "sha256:edc344de4dac1d89300a053ac973299e82d3db56330f3494905643bb68801269"},
    {file = "websockets-10.4-cp39-cp39-musllinux_1_1_x86_64.whl", hash = "sha256:84bc2a7d075f32f6ed98652db3a680a17a4edb21ca7f80fe42e38753a58ee02b"},
    {file = "websockets-10.4-cp39-cp39-win32.whl", hash = "sha256:c94ae4faf2d09f7c81847c63843f84fe47bf6253c9d60b20f25edfd30fb12588"},
    {file = "websockets-10.4-cp39-cp39-win_amd64.whl", hash = "sha256:bbccd847aa0c3a69b5f691a84d2341a4f8a629c6922558f2a70611305f902d74"},
    {file = "websockets-10.4-pp37-pypy37_pp73-macosx_10_9_x86_64.whl", hash = "sha256:82ff5e1cae4e855147fd57a2863376ed7454134c2bf49ec604dfe71e446e2193"},
    {file = "websockets-10.4-pp37-pypy37_pp73-manylinux_2_17_aarch64.manylinux2014_aarch64.whl", hash = "sha256:d210abe51b5da0ffdbf7b43eed0cfdff8a55a1ab17abbec4301c9ff077dd0342"},
    {file = "websockets-10.4-pp37-pypy37_pp73-manylinux_2_5_i686.manylinux1_i686.manylinux_2_17_i686.manylinux2014_i686.whl", hash = "sha256:942de28af58f352a6f588bc72490ae0f4ccd6dfc2bd3de5945b882a078e4e179"},
    {file = "websockets-10.4-pp37-pypy37_pp73-manylinux_2_5_x86_64.manylinux1_x86_64.manylinux_2_17_x86_64.manylinux2014_x86_64.whl", hash = "sha256:c9b27d6c1c6cd53dc93614967e9ce00ae7f864a2d9f99fe5ed86706e1ecbf485"},
    {file = "websockets-10.4-pp37-pypy37_pp73-win_amd64.whl", hash = "sha256:3d3cac3e32b2c8414f4f87c1b2ab686fa6284a980ba283617404377cd448f631"},
    {file = "websockets-10.4-pp38-pypy38_pp73-macosx_10_9_x86_64.whl", hash = "sha256:da39dd03d130162deb63da51f6e66ed73032ae62e74aaccc4236e30edccddbb0"},
    {file = "websockets-10.4-pp38-pypy38_pp73-manylinux_2_17_aarch64.manylinux2014_aarch64.whl", hash = "sha256:389f8dbb5c489e305fb113ca1b6bdcdaa130923f77485db5b189de343a179393"},
    {file = "websockets-10.4-pp38-pypy38_pp73-manylinux_2_5_i686.manylinux1_i686.manylinux_2_17_i686.manylinux2014_i686.whl", hash = "sha256:09a1814bb15eff7069e51fed0826df0bc0702652b5cb8f87697d469d79c23576"},
    {file = "websockets-10.4-pp38-pypy38_pp73-manylinux_2_5_x86_64.manylinux1_x86_64.manylinux_2_17_x86_64.manylinux2014_x86_64.whl", hash = "sha256:ff64a1d38d156d429404aaa84b27305e957fd10c30e5880d1765c9480bea490f"},
    {file = "websockets-10.4-pp38-pypy38_pp73-win_amd64.whl", hash = "sha256:b343f521b047493dc4022dd338fc6db9d9282658862756b4f6fd0e996c1380e1"},
    {file = "websockets-10.4-pp39-pypy39_pp73-macosx_10_9_x86_64.whl", hash = "sha256:932af322458da7e4e35df32f050389e13d3d96b09d274b22a7aa1808f292fee4"},
    {file = "websockets-10.4-pp39-pypy39_pp73-manylinux_2_17_aarch64.manylinux2014_aarch64.whl", hash = "sha256:d6a4162139374a49eb18ef5b2f4da1dd95c994588f5033d64e0bbfda4b6b6fcf"},
    {file = "websockets-10.4-pp39-pypy39_pp73-manylinux_2_5_i686.manylinux1_i686.manylinux_2_17_i686.manylinux2014_i686.whl", hash = "sha256:c57e4c1349fbe0e446c9fa7b19ed2f8a4417233b6984277cce392819123142d3"},
    {file = "websockets-10.4-pp39-pypy39_pp73-manylinux_2_5_x86_64.manylinux1_x86_64.manylinux_2_17_x86_64.manylinux2014_x86_64.whl", hash = "sha256:b627c266f295de9dea86bd1112ed3d5fafb69a348af30a2422e16590a8ecba13"},
    {file = "websockets-10.4-pp39-pypy39_pp73-win_amd64.whl", hash = "sha256:05a7233089f8bd355e8cbe127c2e8ca0b4ea55467861906b80d2ebc7db4d6b72"},
    {file = "websockets-10.4.tar.gz", hash = "sha256:eef610b23933c54d5d921c92578ae5f89813438fded840c2e9809d378dc765d3"},
]

[metadata]
lock-version = "2.0"
python-versions = "^3.9"
content-hash = "4e92987910b7a23a0f87159465abd5976940ff381188dc5b85ba975f4f8f5bcd"
